
Microsoft Visual Studio Solution File, Format Version 12.00
# Visual Studio Version 18
VisualStudioVersion = 18.1.11312.151
MinimumVisualStudioVersion = 10.0.40219.1
Project("{2150E333-8FDC-42A3-9474-1A3956D46DE8}") = "Solution Items", "Solution Items", "{055A3EA9-F46F-4052-B7F6-9A2F304294DA}"
	ProjectSection(SolutionItems) = preProject
		.gitignore = .gitignore
		azure-pipelines.yml = azure-pipelines.yml
		Plan.txt = Plan.txt
	EndProjectSection
EndProject
Project("{FAE04EC0-301F-11D3-BF4B-00C04F79EFBC}") = "Battleships", "C# Fundamentals\Battleships\Battleships.csproj", "{65A1DFD8-8503-708A-2E1B-B48CCD7F87BA}"
EndProject
Project("{FAE04EC0-301F-11D3-BF4B-00C04F79EFBC}") = "BoardGameEngines", "C# Fundamentals\BoardGameEngines\BoardGameEngines.csproj", "{01D01E38-5EB3-6D5B-DE39-599B4EAEEFC3}"
EndProject
Project("{FAE04EC0-301F-11D3-BF4B-00C04F79EFBC}") = "CodingChallenges", "C# Fundamentals\CodingChallenges\CodingChallenges.csproj", "{7C00C64D-375B-24EC-5389-D2B6D990A254}"
EndProject
Project("{FAE04EC0-301F-11D3-BF4B-00C04F79EFBC}") = "OopChallenges", "Object-Orientated Programming\OopChallenges\OopChallenges.csproj", "{43C71C53-4AB7-3779-DA91-341B0EB5A080}"
EndProject
Project("{FAE04EC0-301F-11D3-BF4B-00C04F79EFBC}") = "Poker", "Object-Orientated Programming\Poker\Poker.csproj", "{E3F8E87A-1FAB-F733-5A43-7DECFA1E1B74}"
EndProject
Project("{FAE04EC0-301F-11D3-BF4B-00C04F79EFBC}") = "PokerConsole", "Object-Orientated Programming\PokerConsole\PokerConsole.csproj", "{5A87136E-0459-0267-96D4-579AC263CCA2}"
EndProject
Project("{FAE04EC0-301F-11D3-BF4B-00C04F79EFBC}") = "PokerLibrary", "Object-Orientated Programming\PokerLibrary\PokerLibrary.csproj", "{5338B465-447A-9457-C9A6-00359BEDFDCD}"
EndProject
Project("{FAE04EC0-301F-11D3-BF4B-00C04F79EFBC}") = "ContosoPizza", "Web API & Unit Testing\ContosoPizza\ContosoPizza.csproj", "{09BE8C50-8DA5-8334-9DAF-C07994023922}"
EndProject
Project("{FAE04EC0-301F-11D3-BF4B-00C04F79EFBC}") = "ContosoPizza.Test", "Web API & Unit Testing\ContosoPizza.Test\ContosoPizza.Test.csproj", "{E2833F32-7DDB-F154-59EB-CD30B0646DDF}"
EndProject
Global
	GlobalSection(SolutionConfigurationPlatforms) = preSolution
		Debug|Any CPU = Debug|Any CPU
		Release|Any CPU = Release|Any CPU
	EndGlobalSection
	GlobalSection(ProjectConfigurationPlatforms) = postSolution
		{65A1DFD8-8503-708A-2E1B-B48CCD7F87BA}.Debug|Any CPU.ActiveCfg = Debug|Any CPU
		{65A1DFD8-8503-708A-2E1B-B48CCD7F87BA}.Debug|Any CPU.Build.0 = Debug|Any CPU
		{65A1DFD8-8503-708A-2E1B-B48CCD7F87BA}.Release|Any CPU.ActiveCfg = Release|Any CPU
		{65A1DFD8-8503-708A-2E1B-B48CCD7F87BA}.Release|Any CPU.Build.0 = Release|Any CPU
		{01D01E38-5EB3-6D5B-DE39-599B4EAEEFC3}.Debug|Any CPU.ActiveCfg = Debug|Any CPU
		{01D01E38-5EB3-6D5B-DE39-599B4EAEEFC3}.Debug|Any CPU.Build.0 = Debug|Any CPU
		{01D01E38-5EB3-6D5B-DE39-599B4EAEEFC3}.Release|Any CPU.ActiveCfg = Release|Any CPU
		{01D01E38-5EB3-6D5B-DE39-599B4EAEEFC3}.Release|Any CPU.Build.0 = Release|Any CPU
		{7C00C64D-375B-24EC-5389-D2B6D990A254}.Debug|Any CPU.ActiveCfg = Debug|Any CPU
		{7C00C64D-375B-24EC-5389-D2B6D990A254}.Debug|Any CPU.Build.0 = Debug|Any CPU
		{7C00C64D-375B-24EC-5389-D2B6D990A254}.Release|Any CPU.ActiveCfg = Release|Any CPU
		{7C00C64D-375B-24EC-5389-D2B6D990A254}.Release|Any CPU.Build.0 = Release|Any CPU
		{43C71C53-4AB7-3779-DA91-341B0EB5A080}.Debug|Any CPU.ActiveCfg = Debug|Any CPU
		{43C71C53-4AB7-3779-DA91-341B0EB5A080}.Debug|Any CPU.Build.0 = Debug|Any CPU
		{43C71C53-4AB7-3779-DA91-341B0EB5A080}.Release|Any CPU.ActiveCfg = Release|Any CPU
		{43C71C53-4AB7-3779-DA91-341B0EB5A080}.Release|Any CPU.Build.0 = Release|Any CPU
		{E3F8E87A-1FAB-F733-5A43-7DECFA1E1B74}.Debug|Any CPU.ActiveCfg = Debug|Any CPU
		{E3F8E87A-1FAB-F733-5A43-7DECFA1E1B74}.Debug|Any CPU.Build.0 = Debug|Any CPU
		{E3F8E87A-1FAB-F733-5A43-7DECFA1E1B74}.Release|Any CPU.ActiveCfg = Release|Any CPU
		{E3F8E87A-1FAB-F733-5A43-7DECFA1E1B74}.Release|Any CPU.Build.0 = Release|Any CPU
		{5A87136E-0459-0267-96D4-579AC263CCA2}.Debug|Any CPU.ActiveCfg = Debug|Any CPU
		{5A87136E-0459-0267-96D4-579AC263CCA2}.Debug|Any CPU.Build.0 = Debug|Any CPU
		{5A87136E-0459-0267-96D4-579AC263CCA2}.Release|Any CPU.ActiveCfg = Release|Any CPU
		{5A87136E-0459-0267-96D4-579AC263CCA2}.Release|Any CPU.Build.0 = Release|Any CPU
		{5338B465-447A-9457-C9A6-00359BEDFDCD}.Debug|Any CPU.ActiveCfg = Debug|Any CPU
		{5338B465-447A-9457-C9A6-00359BEDFDCD}.Debug|Any CPU.Build.0 = Debug|Any CPU
		{5338B465-447A-9457-C9A6-00359BEDFDCD}.Release|Any CPU.ActiveCfg = Release|Any CPU
		{5338B465-447A-9457-C9A6-00359BEDFDCD}.Release|Any CPU.Build.0 = Release|Any CPU
		{09BE8C50-8DA5-8334-9DAF-C07994023922}.Debug|Any CPU.ActiveCfg = Debug|Any CPU
		{09BE8C50-8DA5-8334-9DAF-C07994023922}.Debug|Any CPU.Build.0 = Debug|Any CPU
		{09BE8C50-8DA5-8334-9DAF-C07994023922}.Release|Any CPU.ActiveCfg = Release|Any CPU
		{09BE8C50-8DA5-8334-9DAF-C07994023922}.Release|Any CPU.Build.0 = Release|Any CPU
		{E2833F32-7DDB-F154-59EB-CD30B0646DDF}.Debug|Any CPU.ActiveCfg = Debug|Any CPU
		{E2833F32-7DDB-F154-59EB-CD30B0646DDF}.Debug|Any CPU.Build.0 = Debug|Any CPU
		{E2833F32-7DDB-F154-59EB-CD30B0646DDF}.Release|Any CPU.ActiveCfg = Release|Any CPU
		{E2833F32-7DDB-F154-59EB-CD30B0646DDF}.Release|Any CPU.Build.0 = Release|Any CPU
	EndGlobalSection
	GlobalSection(SolutionProperties) = preSolution
		HideSolutionNode = FALSE
	EndGlobalSection
	GlobalSection(ExtensibilityGlobals) = postSolution
		SolutionGuid = {06B8AA97-8486-48D2-938A-760692705A87}
	EndGlobalSection
EndGlobal
