
Microsoft Visual Studio Solution File, Format Version 12.00
# Visual Studio Version 17
VisualStudioVersion = 17.3.32929.385
MinimumVisualStudioVersion = 10.0.40219.1
Project("{9A19103F-16F7-4668-BE54-9A1E7A4F7556}") = "ContosoPizza", "ContosoPizza.csproj", "{D31B1BBB-A9D2-4EF3-8AB9-B194F89CDEB0}"
EndProject
Project("{FAE04EC0-301F-11D3-BF4B-00C04F79EFBC}") = "ContosoPizza.Test", "..\ContosoPizza.Test\ContosoPizza.Test.csproj", "{516606FB-3108-4824-B3FC-24147A475C4A}"
EndProject
Global
	GlobalSection(SolutionConfigurationPlatforms) = preSolution
		Debug|Any CPU = Debug|Any CPU
		Release|Any CPU = Release|Any CPU
	EndGlobalSection
	GlobalSection(ProjectConfigurationPlatforms) = postSolution
		{D31B1BBB-A9D2-4EF3-8AB9-B194F89CDEB0}.Debug|Any CPU.ActiveCfg = Debug|Any CPU
		{D31B1BBB-A9D2-4EF3-8AB9-B194F89CDEB0}.Debug|Any CPU.Build.0 = Debug|Any CPU
		{D31B1BBB-A9D2-4EF3-8AB9-B194F89CDEB0}.Release|Any CPU.ActiveCfg = Release|Any CPU
		{D31B1BBB-A9D2-4EF3-8AB9-B194F89CDEB0}.Release|Any CPU.Build.0 = Release|Any CPU
		{516606FB-3108-4824-B3FC-24147A475C4A}.Debug|Any CPU.ActiveCfg = Debug|Any CPU
		{516606FB-3108-4824-B3FC-24147A475C4A}.Debug|Any CPU.Build.0 = Debug|Any CPU
		{516606FB-3108-4824-B3FC-24147A475C4A}.Release|Any CPU.ActiveCfg = Release|Any CPU
		{516606FB-3108-4824-B3FC-24147A475C4A}.Release|Any CPU.Build.0 = Release|Any CPU
	EndGlobalSection
	GlobalSection(SolutionProperties) = preSolution
		HideSolutionNode = FALSE
	EndGlobalSection
	GlobalSection(ExtensibilityGlobals) = postSolution
		SolutionGuid = {9ECE0ACB-47F3-4635-AA65-B13D0E82E846}
	EndGlobalSection
EndGlobal
